
Microsoft Visual Studio Solution File, Format Version 12.00
# Visual Studio Version 16
VisualStudioVersion = 16.0.29025.244
MinimumVisualStudioVersion = 10.0.40219.1
Project("{FAE04EC0-301F-11D3-BF4B-00C04F79EFBC}") = "GoldenVillage", "GoldenVillage.csproj", "{927D8227-1275-4CE6-BC53-829AFD8182E0}"
EndProject
Global
	GlobalSection(SolutionConfigurationPlatforms) = preSolution
		Debug|Any CPU = Debug|Any CPU
		Release|Any CPU = Release|Any CPU
	EndGlobalSection
	GlobalSection(ProjectConfigurationPlatforms) = postSolution
		{927D8227-1275-4CE6-BC53-829AFD8182E0}.Debug|Any CPU.ActiveCfg = Debug|Any CPU
		{927D8227-1275-4CE6-BC53-829AFD8182E0}.Debug|Any CPU.Build.0 = Debug|Any CPU
		{927D8227-1275-4CE6-BC53-829AFD8182E0}.Release|Any CPU.ActiveCfg = Release|Any CPU
		{927D8227-1275-4CE6-BC53-829AFD8182E0}.Release|Any CPU.Build.0 = Release|Any CPU
	EndGlobalSection
	GlobalSection(SolutionProperties) = preSolution
		HideSolutionNode = FALSE
	EndGlobalSection
	GlobalSection(ExtensibilityGlobals) = postSolution
		SolutionGuid = {B8F2870E-0FF8-4095-89C1-BA704B4E594D}
	EndGlobalSection
EndGlobal
